
Microsoft Visual Studio Solution File, Format Version 12.00
# Visual Studio 14
VisualStudioVersion = 14.0.25420.1
MinimumVisualStudioVersion = 10.0.40219.1
Project("{D2ABAB84-BF74-430A-B69E-9DC6D40DDA17}") = "MiPrimerCubo", "MiPrimerCubo\MiPrimerCubo.dwproj", "{BAB531DF-DCAE-4CED-A551-F164F17B80CC}"
EndProject
Global
	GlobalSection(SolutionConfigurationPlatforms) = preSolution
		Development|Default = Development|Default
	EndGlobalSection
	GlobalSection(ProjectConfigurationPlatforms) = postSolution
		{BAB531DF-DCAE-4CED-A551-F164F17B80CC}.Development|Default.ActiveCfg = Development
		{BAB531DF-DCAE-4CED-A551-F164F17B80CC}.Development|Default.Build.0 = Development
		{BAB531DF-DCAE-4CED-A551-F164F17B80CC}.Development|Default.Deploy.0 = Development
	EndGlobalSection
	GlobalSection(SolutionProperties) = preSolution
		HideSolutionNode = FALSE
	EndGlobalSection
EndGlobal
